// !$*UTF8*$!
{
	archiveVersion = 1;
	classes = {
	};
	objectVersion = 56;
	objects = {

/* Begin PBXBuildFile section */
		0660B1FE01C797C32ED56C29 /* DetailViewOutput.swift in Sources */ = {isa = PBXBuildFile; fileRef = 8A51E40DBDFDABE960EAB195 /* DetailViewOutput.swift */; };
		222355028ABA5A703E299E84 /* DetailBuilder.swift in Sources */ = {isa = PBXBuildFile; fileRef = 81C11E06E95877C411D991B7 /* DetailBuilder.swift */; };
		250FC40AD93D2510CFFFD947 /* PopularBuilder.swift in Sources */ = {isa = PBXBuildFile; fileRef = E58CF018E16C204B7F7F2EE3 /* PopularBuilder.swift */; };
		2544D71BEB2D1E49D26511BC /* DetailViewInput.swift in Sources */ = {isa = PBXBuildFile; fileRef = CA96D6AD8BD674A77157BBF7 /* DetailViewInput.swift */; };
		26B9FC415475AC6D9379AE1E /* DetailRouterInput.swift in Sources */ = {isa = PBXBuildFile; fileRef = C7A972B75868FA1E5C987C08 /* DetailRouterInput.swift */; };
		2B8E5684CDF1ADA34DAEC052 /* DetailViewController.swift in Sources */ = {isa = PBXBuildFile; fileRef = 5889AB44EA118B3D3ED592C8 /* DetailViewController.swift */; };
		34AABB847E891AB50730F3E9 /* GenresResponseModel.swift in Sources */ = {isa = PBXBuildFile; fileRef = 04D8590C42FD4743C7620D26 /* GenresResponseModel.swift */; };
		565C998F7D4AC17DBBFAFCF0 /* CreditsInteractor.swift in Sources */ = {isa = PBXBuildFile; fileRef = 9FDA3B0DC0D6959F86F1FB82 /* CreditsInteractor.swift */; };
		67A6AACB1FD72517B7BC4A7A /* PopularViewController.swift in Sources */ = {isa = PBXBuildFile; fileRef = F470704AFFFF62D8881E93C3 /* PopularViewController.swift */; };
		6C4189B1295D82CF001EAC7E /* Router.swift in Sources */ = {isa = PBXBuildFile; fileRef = 6C4189AD295D82CF001EAC7E /* Router.swift */; };
		6C4189B2295D82CF001EAC7E /* Presentable.swift in Sources */ = {isa = PBXBuildFile; fileRef = 6C4189AE295D82CF001EAC7E /* Presentable.swift */; };
		6C4189B3295D82CF001EAC7E /* Routable.swift in Sources */ = {isa = PBXBuildFile; fileRef = 6C4189AF295D82CF001EAC7E /* Routable.swift */; };
		6C4189B6295D82F8001EAC7E /* Interactors.swift in Sources */ = {isa = PBXBuildFile; fileRef = 6C4189B4295D82F8001EAC7E /* Interactors.swift */; };
		6C4189B7295D82F8001EAC7E /* BaseInteractor .swift in Sources */ = {isa = PBXBuildFile; fileRef = 6C4189B5295D82F8001EAC7E /* BaseInteractor .swift */; };
		6C4189C9295D83EC001EAC7E /* NetworkManager.swift in Sources */ = {isa = PBXBuildFile; fileRef = 6C4189BA295D83EC001EAC7E /* NetworkManager.swift */; };
		6C4189CA295D83EC001EAC7E /* ParameterEncoding.swift in Sources */ = {isa = PBXBuildFile; fileRef = 6C4189BC295D83EC001EAC7E /* ParameterEncoding.swift */; };
		6C4189CC295D83EC001EAC7E /* URLParameterEncoding.swift in Sources */ = {isa = PBXBuildFile; fileRef = 6C4189BE295D83EC001EAC7E /* URLParameterEncoding.swift */; };
		6C4189CD295D83EC001EAC7E /* JSONParameterEncoder.swift in Sources */ = {isa = PBXBuildFile; fileRef = 6C4189BF295D83EC001EAC7E /* JSONParameterEncoder.swift */; };
		6C4189CF295D83EC001EAC7E /* PrivateApi.swift in Sources */ = {isa = PBXBuildFile; fileRef = 6C4189C2295D83EC001EAC7E /* PrivateApi.swift */; };
		6C4189D0295D83EC001EAC7E /* HTTPTask.swift in Sources */ = {isa = PBXBuildFile; fileRef = 6C4189C4295D83EC001EAC7E /* HTTPTask.swift */; };
		6C4189D1295D83EC001EAC7E /* Provider.swift in Sources */ = {isa = PBXBuildFile; fileRef = 6C4189C5295D83EC001EAC7E /* Provider.swift */; };
		6C4189D2295D83EC001EAC7E /* HTTPMethod.swift in Sources */ = {isa = PBXBuildFile; fileRef = 6C4189C6295D83EC001EAC7E /* HTTPMethod.swift */; };
		6C4189D3295D83EC001EAC7E /* NetworkLogger.swift in Sources */ = {isa = PBXBuildFile; fileRef = 6C4189C7295D83EC001EAC7E /* NetworkLogger.swift */; };
		6C4189D4295D83EC001EAC7E /* EndPointType.swift in Sources */ = {isa = PBXBuildFile; fileRef = 6C4189C8295D83EC001EAC7E /* EndPointType.swift */; };
		6C4189D6295D8436001EAC7E /* Constants.swift in Sources */ = {isa = PBXBuildFile; fileRef = 6C4189D5295D8436001EAC7E /* Constants.swift */; };
		6C4189D9295D8591001EAC7E /* Message.swift in Sources */ = {isa = PBXBuildFile; fileRef = 6C4189D8295D8591001EAC7E /* Message.swift */; };
		6C418A3D295D8F54001EAC7E /* BaseModuleViewController.swift in Sources */ = {isa = PBXBuildFile; fileRef = 6C418A3C295D8F54001EAC7E /* BaseModuleViewController.swift */; };
		6C418A41295D9221001EAC7E /* PopularCellViewInput.swift in Sources */ = {isa = PBXBuildFile; fileRef = 6C418A40295D9221001EAC7E /* PopularCellViewInput.swift */; };
		6C418A43295D92B7001EAC7E /* PopularTableViewCell.swift in Sources */ = {isa = PBXBuildFile; fileRef = 6C418A42295D92B7001EAC7E /* PopularTableViewCell.swift */; };
		6C418A45295D9BEB001EAC7E /* Movie.swift in Sources */ = {isa = PBXBuildFile; fileRef = 6C418A44295D9BEB001EAC7E /* Movie.swift */; };
		6C6205CF295D7DAE00386398 /* AppDelegate.swift in Sources */ = {isa = PBXBuildFile; fileRef = 6C6205CE295D7DAE00386398 /* AppDelegate.swift */; };
		6C6205D1295D7DAE00386398 /* SceneDelegate.swift in Sources */ = {isa = PBXBuildFile; fileRef = 6C6205D0295D7DAE00386398 /* SceneDelegate.swift */; };
		6C6205D6295D7DAE00386398 /* Main.storyboard in Resources */ = {isa = PBXBuildFile; fileRef = 6C6205D4295D7DAE00386398 /* Main.storyboard */; };
		6C6205D8295D7DAF00386398 /* Assets.xcassets in Resources */ = {isa = PBXBuildFile; fileRef = 6C6205D7295D7DAF00386398 /* Assets.xcassets */; };
		6C6205DB295D7DAF00386398 /* LaunchScreen.storyboard in Resources */ = {isa = PBXBuildFile; fileRef = 6C6205D9295D7DAF00386398 /* LaunchScreen.storyboard */; };
		6C6205E6295D7DAF00386398 /* MoviesTests.swift in Sources */ = {isa = PBXBuildFile; fileRef = 6C6205E5295D7DAF00386398 /* MoviesTests.swift */; };
		6CEC8E652963F98500210724 /* Genre.swift in Sources */ = {isa = PBXBuildFile; fileRef = 6CEC8E642963F98500210724 /* Genre.swift */; };
		6CEC8E682966C02A00210724 /* PaddingLabel.swift in Sources */ = {isa = PBXBuildFile; fileRef = 6CEC8E662966AA7F00210724 /* PaddingLabel.swift */; };
		6CEC8E6A2966C25F00210724 /* CastActor.swift in Sources */ = {isa = PBXBuildFile; fileRef = 6CEC8E692966C25F00210724 /* CastActor.swift */; };
		6CEC8E6C2966E4A500210724 /* ImageService.swift in Sources */ = {isa = PBXBuildFile; fileRef = 6CEC8E6B2966E4A500210724 /* ImageService.swift */; };
		6CEC8E6E2966E4C800210724 /* Cancellable.swift in Sources */ = {isa = PBXBuildFile; fileRef = 6CEC8E6D2966E4C800210724 /* Cancellable.swift */; };
		6CEC8E7029670AA200210724 /* Scrollable.swift in Sources */ = {isa = PBXBuildFile; fileRef = 6CEC8E6F29670AA200210724 /* Scrollable.swift */; };
		755924ED878B31AE807A2329 /* PopularRouterInput.swift in Sources */ = {isa = PBXBuildFile; fileRef = 363B1EE55B8679685011AFE7 /* PopularRouterInput.swift */; };
		8F292415202E69A56782D5DD /* PopularPresenter.swift in Sources */ = {isa = PBXBuildFile; fileRef = B7B8EF432728CC246D4A440B /* PopularPresenter.swift */; };
		8FFA825070425E04AAAAEA45 /* PopularInteractor.swift in Sources */ = {isa = PBXBuildFile; fileRef = 0FB39897A2B9C45F9F187E2D /* PopularInteractor.swift */; };
		95AC200454F25F9C33757ABF /* PopularViewOutput.swift in Sources */ = {isa = PBXBuildFile; fileRef = CE8679F629709A07E588F675 /* PopularViewOutput.swift */; };
		9A075244F4F8CECED61F65FF /* PopularRouter.swift in Sources */ = {isa = PBXBuildFile; fileRef = E32B34B4E46D5F46960EC471 /* PopularRouter.swift */; };
		9CF0138A9A4A8EC9131FC124 /* PopularViewInput.swift in Sources */ = {isa = PBXBuildFile; fileRef = 37ECC6D5B5A409A0132879EE /* PopularViewInput.swift */; };
		A673CDBD8DCF10F6F74F22D4 /* PopularResponseModel.swift in Sources */ = {isa = PBXBuildFile; fileRef = 20A964614C46402BF0F7D4AB /* PopularResponseModel.swift */; };
		C13350041E57F92FA267248B /* DetailPresenter.swift in Sources */ = {isa = PBXBuildFile; fileRef = 41F5B4BE967F8FE986006F42 /* DetailPresenter.swift */; };
		C85772B0CA6124453D546D34 /* CreditsResponseModel.swift in Sources */ = {isa = PBXBuildFile; fileRef = 63BE7636885EF2A9D3EBC121 /* CreditsResponseModel.swift */; };
		E45DA77E231984FE2BF99BC9 /* GenresInteractor.swift in Sources */ = {isa = PBXBuildFile; fileRef = E4CA6B8DE8C83DD5EE97908F /* GenresInteractor.swift */; };
		FD337414F42D313F8BA3B408 /* PopularCollectionMediator.swift in Sources */ = {isa = PBXBuildFile; fileRef = AE3AD1E2BB504053B9256D4E /* PopularCollectionMediator.swift */; };
		FDBA50508AA09D3C2C0D683E /* DetailRouter.swift in Sources */ = {isa = PBXBuildFile; fileRef = BAA1CD9081CF24B444ED2071 /* DetailRouter.swift */; };
/* End PBXBuildFile section */

/* Begin PBXContainerItemProxy section */
		6C6205E2295D7DAF00386398 /* PBXContainerItemProxy */ = {
			isa = PBXContainerItemProxy;
			containerPortal = 6C6205C3295D7DAD00386398 /* Project object */;
			proxyType = 1;
			remoteGlobalIDString = 6C6205CA295D7DAE00386398;
			remoteInfo = Movies;
		};
/* End PBXContainerItemProxy section */

/* Begin PBXFileReference section */
		04D8590C42FD4743C7620D26 /* GenresResponseModel.swift */ = {isa = PBXFileReference; includeInIndex = 1; lastKnownFileType = sourcecode.swift; path = GenresResponseModel.swift; sourceTree = "<group>"; };
		0FB39897A2B9C45F9F187E2D /* PopularInteractor.swift */ = {isa = PBXFileReference; includeInIndex = 1; lastKnownFileType = sourcecode.swift; path = PopularInteractor.swift; sourceTree = "<group>"; };
		20A964614C46402BF0F7D4AB /* PopularResponseModel.swift */ = {isa = PBXFileReference; includeInIndex = 1; lastKnownFileType = sourcecode.swift; path = PopularResponseModel.swift; sourceTree = "<group>"; };
		363B1EE55B8679685011AFE7 /* PopularRouterInput.swift */ = {isa = PBXFileReference; includeInIndex = 1; lastKnownFileType = sourcecode.swift; path = PopularRouterInput.swift; sourceTree = "<group>"; };
		37ECC6D5B5A409A0132879EE /* PopularViewInput.swift */ = {isa = PBXFileReference; includeInIndex = 1; lastKnownFileType = sourcecode.swift; path = PopularViewInput.swift; sourceTree = "<group>"; };
		41F5B4BE967F8FE986006F42 /* DetailPresenter.swift */ = {isa = PBXFileReference; includeInIndex = 1; lastKnownFileType = sourcecode.swift; path = DetailPresenter.swift; sourceTree = "<group>"; };
		5889AB44EA118B3D3ED592C8 /* DetailViewController.swift */ = {isa = PBXFileReference; includeInIndex = 1; lastKnownFileType = sourcecode.swift; path = DetailViewController.swift; sourceTree = "<group>"; };
		63BE7636885EF2A9D3EBC121 /* CreditsResponseModel.swift */ = {isa = PBXFileReference; includeInIndex = 1; lastKnownFileType = sourcecode.swift; path = CreditsResponseModel.swift; sourceTree = "<group>"; };
		6C4189AD295D82CF001EAC7E /* Router.swift */ = {isa = PBXFileReference; fileEncoding = 4; lastKnownFileType = sourcecode.swift; path = Router.swift; sourceTree = "<group>"; };
		6C4189AE295D82CF001EAC7E /* Presentable.swift */ = {isa = PBXFileReference; fileEncoding = 4; lastKnownFileType = sourcecode.swift; path = Presentable.swift; sourceTree = "<group>"; };
		6C4189AF295D82CF001EAC7E /* Routable.swift */ = {isa = PBXFileReference; fileEncoding = 4; lastKnownFileType = sourcecode.swift; path = Routable.swift; sourceTree = "<group>"; };
		6C4189B4295D82F8001EAC7E /* Interactors.swift */ = {isa = PBXFileReference; fileEncoding = 4; lastKnownFileType = sourcecode.swift; path = Interactors.swift; sourceTree = "<group>"; };
		6C4189B5295D82F8001EAC7E /* BaseInteractor .swift */ = {isa = PBXFileReference; fileEncoding = 4; lastKnownFileType = sourcecode.swift; path = "BaseInteractor .swift"; sourceTree = "<group>"; };
		6C4189BA295D83EC001EAC7E /* NetworkManager.swift */ = {isa = PBXFileReference; fileEncoding = 4; lastKnownFileType = sourcecode.swift; path = NetworkManager.swift; sourceTree = "<group>"; };
		6C4189BC295D83EC001EAC7E /* ParameterEncoding.swift */ = {isa = PBXFileReference; fileEncoding = 4; lastKnownFileType = sourcecode.swift; path = ParameterEncoding.swift; sourceTree = "<group>"; };
		6C4189BE295D83EC001EAC7E /* URLParameterEncoding.swift */ = {isa = PBXFileReference; fileEncoding = 4; lastKnownFileType = sourcecode.swift; path = URLParameterEncoding.swift; sourceTree = "<group>"; };
		6C4189BF295D83EC001EAC7E /* JSONParameterEncoder.swift */ = {isa = PBXFileReference; fileEncoding = 4; lastKnownFileType = sourcecode.swift; path = JSONParameterEncoder.swift; sourceTree = "<group>"; };
		6C4189C2295D83EC001EAC7E /* PrivateApi.swift */ = {isa = PBXFileReference; fileEncoding = 4; lastKnownFileType = sourcecode.swift; path = PrivateApi.swift; sourceTree = "<group>"; };
		6C4189C4295D83EC001EAC7E /* HTTPTask.swift */ = {isa = PBXFileReference; fileEncoding = 4; lastKnownFileType = sourcecode.swift; path = HTTPTask.swift; sourceTree = "<group>"; };
		6C4189C5295D83EC001EAC7E /* Provider.swift */ = {isa = PBXFileReference; fileEncoding = 4; lastKnownFileType = sourcecode.swift; path = Provider.swift; sourceTree = "<group>"; };
		6C4189C6295D83EC001EAC7E /* HTTPMethod.swift */ = {isa = PBXFileReference; fileEncoding = 4; lastKnownFileType = sourcecode.swift; path = HTTPMethod.swift; sourceTree = "<group>"; };
		6C4189C7295D83EC001EAC7E /* NetworkLogger.swift */ = {isa = PBXFileReference; fileEncoding = 4; lastKnownFileType = sourcecode.swift; path = NetworkLogger.swift; sourceTree = "<group>"; };
		6C4189C8295D83EC001EAC7E /* EndPointType.swift */ = {isa = PBXFileReference; fileEncoding = 4; lastKnownFileType = sourcecode.swift; path = EndPointType.swift; sourceTree = "<group>"; };
		6C4189D5295D8436001EAC7E /* Constants.swift */ = {isa = PBXFileReference; lastKnownFileType = sourcecode.swift; path = Constants.swift; sourceTree = "<group>"; };
		6C4189D8295D8591001EAC7E /* Message.swift */ = {isa = PBXFileReference; lastKnownFileType = sourcecode.swift; path = Message.swift; sourceTree = "<group>"; };
		6C418A0D295D862D001EAC7E /* viper_table.rambaspec */ = {isa = PBXFileReference; lastKnownFileType = text; path = viper_table.rambaspec; sourceTree = "<group>"; };
		6C418A0F295D862D001EAC7E /* builder.swift.liquid */ = {isa = PBXFileReference; lastKnownFileType = text; path = builder.swift.liquid; sourceTree = "<group>"; };
		6C418A11295D862D001EAC7E /* viewcontroller.swift.liquid */ = {isa = PBXFileReference; lastKnownFileType = text; path = viewcontroller.swift.liquid; sourceTree = "<group>"; };
		6C418A12295D862D001EAC7E /* view_input.swift.liquid */ = {isa = PBXFileReference; lastKnownFileType = text; path = view_input.swift.liquid; sourceTree = "<group>"; };
		6C418A14295D862D001EAC7E /* view_output.swift.liquid */ = {isa = PBXFileReference; lastKnownFileType = text; path = view_output.swift.liquid; sourceTree = "<group>"; };
		6C418A15295D862D001EAC7E /* presenter.swift.liquid */ = {isa = PBXFileReference; lastKnownFileType = text; path = presenter.swift.liquid; sourceTree = "<group>"; };
		6C418A17295D862D001EAC7E /* collection_mediator.swift.liquid */ = {isa = PBXFileReference; lastKnownFileType = text; path = collection_mediator.swift.liquid; sourceTree = "<group>"; };
		6C418A19295D862D001EAC7E /* router.swift.liquid */ = {isa = PBXFileReference; lastKnownFileType = text; path = router.swift.liquid; sourceTree = "<group>"; };
		6C418A1A295D862D001EAC7E /* router_input.swift.liquid */ = {isa = PBXFileReference; lastKnownFileType = text; path = router_input.swift.liquid; sourceTree = "<group>"; };
		6C418A1C295D862D001EAC7E /* viper.rambaspec */ = {isa = PBXFileReference; lastKnownFileType = text; path = viper.rambaspec; sourceTree = "<group>"; };
		6C418A1E295D862D001EAC7E /* builder.swift.liquid */ = {isa = PBXFileReference; lastKnownFileType = text; path = builder.swift.liquid; sourceTree = "<group>"; };
		6C418A20295D862D001EAC7E /* viewcontroller.swift.liquid */ = {isa = PBXFileReference; lastKnownFileType = text; path = viewcontroller.swift.liquid; sourceTree = "<group>"; };
		6C418A21295D862D001EAC7E /* view_input.swift.liquid */ = {isa = PBXFileReference; lastKnownFileType = text; path = view_input.swift.liquid; sourceTree = "<group>"; };
		6C418A23295D862D001EAC7E /* view_output.swift.liquid */ = {isa = PBXFileReference; lastKnownFileType = text; path = view_output.swift.liquid; sourceTree = "<group>"; };
		6C418A24295D862D001EAC7E /* presenter.swift.liquid */ = {isa = PBXFileReference; lastKnownFileType = text; path = presenter.swift.liquid; sourceTree = "<group>"; };
		6C418A26295D862D001EAC7E /* router.swift.liquid */ = {isa = PBXFileReference; lastKnownFileType = text; path = router.swift.liquid; sourceTree = "<group>"; };
		6C418A27295D862D001EAC7E /* router_input.swift.liquid */ = {isa = PBXFileReference; lastKnownFileType = text; path = router_input.swift.liquid; sourceTree = "<group>"; };
		6C418A2A295D862D001EAC7E /* response.swift.liquid */ = {isa = PBXFileReference; lastKnownFileType = text; path = response.swift.liquid; sourceTree = "<group>"; };
		6C418A2B295D862D001EAC7E /* interactor.swift.liquid */ = {isa = PBXFileReference; lastKnownFileType = text; path = interactor.swift.liquid; sourceTree = "<group>"; };
		6C418A2C295D862D001EAC7E /* interactor.rambaspec */ = {isa = PBXFileReference; lastKnownFileType = text; path = interactor.rambaspec; sourceTree = "<group>"; };
		6C418A2E295D862D001EAC7E /* viper_collection.rambaspec */ = {isa = PBXFileReference; lastKnownFileType = text; path = viper_collection.rambaspec; sourceTree = "<group>"; };
		6C418A30295D862D001EAC7E /* builder.swift.liquid */ = {isa = PBXFileReference; lastKnownFileType = text; path = builder.swift.liquid; sourceTree = "<group>"; };
		6C418A32295D862D001EAC7E /* viewcontroller.swift.liquid */ = {isa = PBXFileReference; lastKnownFileType = text; path = viewcontroller.swift.liquid; sourceTree = "<group>"; };
		6C418A33295D862D001EAC7E /* view_input.swift.liquid */ = {isa = PBXFileReference; lastKnownFileType = text; path = view_input.swift.liquid; sourceTree = "<group>"; };
		6C418A35295D862D001EAC7E /* view_output.swift.liquid */ = {isa = PBXFileReference; lastKnownFileType = text; path = view_output.swift.liquid; sourceTree = "<group>"; };
		6C418A36295D862D001EAC7E /* presenter.swift.liquid */ = {isa = PBXFileReference; lastKnownFileType = text; path = presenter.swift.liquid; sourceTree = "<group>"; };
		6C418A38295D862D001EAC7E /* collection_mediator.swift.liquid */ = {isa = PBXFileReference; lastKnownFileType = text; path = collection_mediator.swift.liquid; sourceTree = "<group>"; };
		6C418A3A295D862D001EAC7E /* router.swift.liquid */ = {isa = PBXFileReference; lastKnownFileType = text; path = router.swift.liquid; sourceTree = "<group>"; };
		6C418A3B295D862D001EAC7E /* router_input.swift.liquid */ = {isa = PBXFileReference; lastKnownFileType = text; path = router_input.swift.liquid; sourceTree = "<group>"; };
		6C418A3C295D8F54001EAC7E /* BaseModuleViewController.swift */ = {isa = PBXFileReference; fileEncoding = 4; lastKnownFileType = sourcecode.swift; path = BaseModuleViewController.swift; sourceTree = "<group>"; };
		6C418A40295D9221001EAC7E /* PopularCellViewInput.swift */ = {isa = PBXFileReference; lastKnownFileType = sourcecode.swift; path = PopularCellViewInput.swift; sourceTree = "<group>"; };
		6C418A42295D92B7001EAC7E /* PopularTableViewCell.swift */ = {isa = PBXFileReference; lastKnownFileType = sourcecode.swift; path = PopularTableViewCell.swift; sourceTree = "<group>"; };
		6C418A44295D9BEB001EAC7E /* Movie.swift */ = {isa = PBXFileReference; lastKnownFileType = sourcecode.swift; path = Movie.swift; sourceTree = "<group>"; };
		6C6205CB295D7DAE00386398 /* Movies.app */ = {isa = PBXFileReference; explicitFileType = wrapper.application; includeInIndex = 0; path = Movies.app; sourceTree = BUILT_PRODUCTS_DIR; };
		6C6205CE295D7DAE00386398 /* AppDelegate.swift */ = {isa = PBXFileReference; lastKnownFileType = sourcecode.swift; path = AppDelegate.swift; sourceTree = "<group>"; };
		6C6205D0295D7DAE00386398 /* SceneDelegate.swift */ = {isa = PBXFileReference; lastKnownFileType = sourcecode.swift; path = SceneDelegate.swift; sourceTree = "<group>"; };
		6C6205D5295D7DAE00386398 /* Base */ = {isa = PBXFileReference; lastKnownFileType = file.storyboard; name = Base; path = Base.lproj/Main.storyboard; sourceTree = "<group>"; };
		6C6205D7295D7DAF00386398 /* Assets.xcassets */ = {isa = PBXFileReference; lastKnownFileType = folder.assetcatalog; path = Assets.xcassets; sourceTree = "<group>"; };
		6C6205DA295D7DAF00386398 /* Base */ = {isa = PBXFileReference; lastKnownFileType = file.storyboard; name = Base; path = Base.lproj/LaunchScreen.storyboard; sourceTree = "<group>"; };
		6C6205DC295D7DAF00386398 /* Info.plist */ = {isa = PBXFileReference; lastKnownFileType = text.plist.xml; path = Info.plist; sourceTree = "<group>"; };
		6C6205E1295D7DAF00386398 /* MoviesTests.xctest */ = {isa = PBXFileReference; explicitFileType = wrapper.cfbundle; includeInIndex = 0; path = MoviesTests.xctest; sourceTree = BUILT_PRODUCTS_DIR; };
		6C6205E5295D7DAF00386398 /* MoviesTests.swift */ = {isa = PBXFileReference; lastKnownFileType = sourcecode.swift; path = MoviesTests.swift; sourceTree = "<group>"; };
		6CEC8E642963F98500210724 /* Genre.swift */ = {isa = PBXFileReference; lastKnownFileType = sourcecode.swift; path = Genre.swift; sourceTree = "<group>"; };
		6CEC8E662966AA7F00210724 /* PaddingLabel.swift */ = {isa = PBXFileReference; lastKnownFileType = sourcecode.swift; path = PaddingLabel.swift; sourceTree = "<group>"; };
		6CEC8E692966C25F00210724 /* CastActor.swift */ = {isa = PBXFileReference; lastKnownFileType = sourcecode.swift; path = CastActor.swift; sourceTree = "<group>"; };
		6CEC8E6B2966E4A500210724 /* ImageService.swift */ = {isa = PBXFileReference; lastKnownFileType = sourcecode.swift; path = ImageService.swift; sourceTree = "<group>"; };
		6CEC8E6D2966E4C800210724 /* Cancellable.swift */ = {isa = PBXFileReference; lastKnownFileType = sourcecode.swift; path = Cancellable.swift; sourceTree = "<group>"; };
		6CEC8E6F29670AA200210724 /* Scrollable.swift */ = {isa = PBXFileReference; lastKnownFileType = sourcecode.swift; path = Scrollable.swift; sourceTree = "<group>"; };
		81C11E06E95877C411D991B7 /* DetailBuilder.swift */ = {isa = PBXFileReference; includeInIndex = 1; lastKnownFileType = sourcecode.swift; path = DetailBuilder.swift; sourceTree = "<group>"; };
		8A51E40DBDFDABE960EAB195 /* DetailViewOutput.swift */ = {isa = PBXFileReference; includeInIndex = 1; lastKnownFileType = sourcecode.swift; path = DetailViewOutput.swift; sourceTree = "<group>"; };
		9FDA3B0DC0D6959F86F1FB82 /* CreditsInteractor.swift */ = {isa = PBXFileReference; includeInIndex = 1; lastKnownFileType = sourcecode.swift; path = CreditsInteractor.swift; sourceTree = "<group>"; };
		AE3AD1E2BB504053B9256D4E /* PopularCollectionMediator.swift */ = {isa = PBXFileReference; includeInIndex = 1; lastKnownFileType = sourcecode.swift; path = PopularCollectionMediator.swift; sourceTree = "<group>"; };
		B7B8EF432728CC246D4A440B /* PopularPresenter.swift */ = {isa = PBXFileReference; includeInIndex = 1; lastKnownFileType = sourcecode.swift; path = PopularPresenter.swift; sourceTree = "<group>"; };
		BAA1CD9081CF24B444ED2071 /* DetailRouter.swift */ = {isa = PBXFileReference; includeInIndex = 1; lastKnownFileType = sourcecode.swift; path = DetailRouter.swift; sourceTree = "<group>"; };
		C7A972B75868FA1E5C987C08 /* DetailRouterInput.swift */ = {isa = PBXFileReference; includeInIndex = 1; lastKnownFileType = sourcecode.swift; path = DetailRouterInput.swift; sourceTree = "<group>"; };
		CA96D6AD8BD674A77157BBF7 /* DetailViewInput.swift */ = {isa = PBXFileReference; includeInIndex = 1; lastKnownFileType = sourcecode.swift; path = DetailViewInput.swift; sourceTree = "<group>"; };
		CE8679F629709A07E588F675 /* PopularViewOutput.swift */ = {isa = PBXFileReference; includeInIndex = 1; lastKnownFileType = sourcecode.swift; path = PopularViewOutput.swift; sourceTree = "<group>"; };
		E32B34B4E46D5F46960EC471 /* PopularRouter.swift */ = {isa = PBXFileReference; includeInIndex = 1; lastKnownFileType = sourcecode.swift; path = PopularRouter.swift; sourceTree = "<group>"; };
		E4CA6B8DE8C83DD5EE97908F /* GenresInteractor.swift */ = {isa = PBXFileReference; includeInIndex = 1; lastKnownFileType = sourcecode.swift; path = GenresInteractor.swift; sourceTree = "<group>"; };
		E58CF018E16C204B7F7F2EE3 /* PopularBuilder.swift */ = {isa = PBXFileReference; includeInIndex = 1; lastKnownFileType = sourcecode.swift; path = PopularBuilder.swift; sourceTree = "<group>"; };
		F470704AFFFF62D8881E93C3 /* PopularViewController.swift */ = {isa = PBXFileReference; includeInIndex = 1; lastKnownFileType = sourcecode.swift; path = PopularViewController.swift; sourceTree = "<group>"; };
/* End PBXFileReference section */

/* Begin PBXFrameworksBuildPhase section */
		6C6205C8295D7DAE00386398 /* Frameworks */ = {
			isa = PBXFrameworksBuildPhase;
			buildActionMask = 2147483647;
			files = (
			);
			runOnlyForDeploymentPostprocessing = 0;
		};
		6C6205DE295D7DAF00386398 /* Frameworks */ = {
			isa = PBXFrameworksBuildPhase;
			buildActionMask = 2147483647;
			files = (
			);
			runOnlyForDeploymentPostprocessing = 0;
		};
/* End PBXFrameworksBuildPhase section */

/* Begin PBXGroup section */
		084DA9C75360154AE8AC50E9 /* Router */ = {
			isa = PBXGroup;
			children = (
				C7A972B75868FA1E5C987C08 /* DetailRouterInput.swift */,
				BAA1CD9081CF24B444ED2071 /* DetailRouter.swift */,
			);
			path = Router;
			sourceTree = "<group>";
		};
		35BA2E3CD7D8D15EAD72CE1E /* Modules */ = {
			isa = PBXGroup;
			children = (
				6C418A3C295D8F54001EAC7E /* BaseModuleViewController.swift */,
				497735A0ACD47AD01E3A7025 /* Detail */,
				53B5D12AEE8A467FE34B4527 /* Popular */,
			);
			path = Modules;
			sourceTree = "<group>";
		};
		386B4A5843ED3E3D3CF1A1F9 /* Presenter */ = {
			isa = PBXGroup;
			children = (
				CE8679F629709A07E588F675 /* PopularViewOutput.swift */,
				B7B8EF432728CC246D4A440B /* PopularPresenter.swift */,
			);
			path = Presenter;
			sourceTree = "<group>";
		};
		458237449C60B107B37D1C48 /* Popular */ = {
			isa = PBXGroup;
			children = (
				0FB39897A2B9C45F9F187E2D /* PopularInteractor.swift */,
				20A964614C46402BF0F7D4AB /* PopularResponseModel.swift */,
			);
			path = Popular;
			sourceTree = "<group>";
		};
		497735A0ACD47AD01E3A7025 /* Detail */ = {
			isa = PBXGroup;
			children = (
				DA06A77AB2261A4B01F259AC /* ViewLayer */,
				A3597ED537FDCAE2D6A2D5DA /* Presenter */,
				084DA9C75360154AE8AC50E9 /* Router */,
				81C11E06E95877C411D991B7 /* DetailBuilder.swift */,
			);
			path = Detail;
			sourceTree = "<group>";
		};
		4C9A4CC40A36E27B54B5612A /* Genres */ = {
			isa = PBXGroup;
			children = (
				E4CA6B8DE8C83DD5EE97908F /* GenresInteractor.swift */,
				04D8590C42FD4743C7620D26 /* GenresResponseModel.swift */,
			);
			path = Genres;
			sourceTree = "<group>";
		};
		53B5D12AEE8A467FE34B4527 /* Popular */ = {
			isa = PBXGroup;
			children = (
				93C8A7D4BB9974F1E260466B /* ViewLayer */,
				386B4A5843ED3E3D3CF1A1F9 /* Presenter */,
				E2A990B217BD4383A932E119 /* CollectionMediator */,
				7016B128B5A6082C2D3E6EBF /* Router */,
				E58CF018E16C204B7F7F2EE3 /* PopularBuilder.swift */,
			);
			path = Popular;
			sourceTree = "<group>";
		};
		6C4189A8295D8274001EAC7E /* Resource */ = {
			isa = PBXGroup;
			children = (
				6C6205D4295D7DAE00386398 /* Main.storyboard */,
				6C6205D7295D7DAF00386398 /* Assets.xcassets */,
				6C6205D9295D7DAF00386398 /* LaunchScreen.storyboard */,
				6C6205DC295D7DAF00386398 /* Info.plist */,
			);
			path = Resource;
			sourceTree = "<group>";
		};
		6C4189A9295D828F001EAC7E /* Interactor */ = {
			isa = PBXGroup;
			children = (
				6C4189B5295D82F8001EAC7E /* BaseInteractor .swift */,
				6C4189B4295D82F8001EAC7E /* Interactors.swift */,
				4C9A4CC40A36E27B54B5612A /* Genres */,
				7F1AD0863C534513AC9C27FD /* Credits */,
				458237449C60B107B37D1C48 /* Popular */,
			);
			path = Interactor;
			sourceTree = "<group>";
		};
		6C4189AA295D8299001EAC7E /* View */ = {
			isa = PBXGroup;
			children = (
				6C418A3E295D9213001EAC7E /* Cells */,
				6CEC8E662966AA7F00210724 /* PaddingLabel.swift */,
				6CEC8E6F29670AA200210724 /* Scrollable.swift */,
			);
			path = View;
			sourceTree = "<group>";
		};
		6C4189AB295D82A1001EAC7E /* Routing */ = {
			isa = PBXGroup;
			children = (
				6C4189AE295D82CF001EAC7E /* Presentable.swift */,
				6C4189AF295D82CF001EAC7E /* Routable.swift */,
				6C4189AD295D82CF001EAC7E /* Router.swift */,
			);
			path = Routing;
			sourceTree = "<group>";
		};
		6C4189B9295D83EC001EAC7E /* Networking */ = {
			isa = PBXGroup;
			children = (
				6C4189BA295D83EC001EAC7E /* NetworkManager.swift */,
				6CEC8E6B2966E4A500210724 /* ImageService.swift */,
				6CEC8E6D2966E4C800210724 /* Cancellable.swift */,
				6C4189BB295D83EC001EAC7E /* Encoding */,
				6C4189C0295D83EC001EAC7E /* EndPoint */,
				6C4189C3295D83EC001EAC7E /* Service */,
			);
			path = Networking;
			sourceTree = "<group>";
		};
		6C4189BB295D83EC001EAC7E /* Encoding */ = {
			isa = PBXGroup;
			children = (
				6C4189BC295D83EC001EAC7E /* ParameterEncoding.swift */,
				6C4189BE295D83EC001EAC7E /* URLParameterEncoding.swift */,
				6C4189BF295D83EC001EAC7E /* JSONParameterEncoder.swift */,
			);
			path = Encoding;
			sourceTree = "<group>";
		};
		6C4189C0295D83EC001EAC7E /* EndPoint */ = {
			isa = PBXGroup;
			children = (
				6C4189C2295D83EC001EAC7E /* PrivateApi.swift */,
			);
			path = EndPoint;
			sourceTree = "<group>";
		};
		6C4189C3295D83EC001EAC7E /* Service */ = {
			isa = PBXGroup;
			children = (
				6C4189C4295D83EC001EAC7E /* HTTPTask.swift */,
				6C4189C5295D83EC001EAC7E /* Provider.swift */,
				6C4189C6295D83EC001EAC7E /* HTTPMethod.swift */,
				6C4189C7295D83EC001EAC7E /* NetworkLogger.swift */,
				6C4189C8295D83EC001EAC7E /* EndPointType.swift */,
			);
			path = Service;
			sourceTree = "<group>";
		};
		6C4189D7295D8557001EAC7E /* Entities */ = {
			isa = PBXGroup;
			children = (
				6C4189D8295D8591001EAC7E /* Message.swift */,
				6C418A44295D9BEB001EAC7E /* Movie.swift */,
				6CEC8E642963F98500210724 /* Genre.swift */,
				6CEC8E692966C25F00210724 /* CastActor.swift */,
			);
			path = Entities;
			sourceTree = "<group>";
		};
		6C418A0B295D862D001EAC7E /* Templates */ = {
			isa = PBXGroup;
			children = (
				6C418A0C295D862D001EAC7E /* viper_table */,
				6C418A1B295D862D001EAC7E /* viper */,
				6C418A28295D862D001EAC7E /* interactor */,
				6C418A2D295D862D001EAC7E /* viper_collection */,
			);
			path = Templates;
			sourceTree = "<group>";
		};
		6C418A0C295D862D001EAC7E /* viper_table */ = {
			isa = PBXGroup;
			children = (
				6C418A0D295D862D001EAC7E /* viper_table.rambaspec */,
				6C418A0E295D862D001EAC7E /* Code */,
			);
			path = viper_table;
			sourceTree = "<group>";
		};
		6C418A0E295D862D001EAC7E /* Code */ = {
			isa = PBXGroup;
			children = (
				6C418A0F295D862D001EAC7E /* builder.swift.liquid */,
				6C418A10295D862D001EAC7E /* ViewLayer */,
				6C418A13295D862D001EAC7E /* Presenter */,
				6C418A16295D862D001EAC7E /* CollectionMediator */,
				6C418A18295D862D001EAC7E /* Router */,
			);
			path = Code;
			sourceTree = "<group>";
		};
		6C418A10295D862D001EAC7E /* ViewLayer */ = {
			isa = PBXGroup;
			children = (
				6C418A11295D862D001EAC7E /* viewcontroller.swift.liquid */,
				6C418A12295D862D001EAC7E /* view_input.swift.liquid */,
			);
			path = ViewLayer;
			sourceTree = "<group>";
		};
		6C418A13295D862D001EAC7E /* Presenter */ = {
			isa = PBXGroup;
			children = (
				6C418A14295D862D001EAC7E /* view_output.swift.liquid */,
				6C418A15295D862D001EAC7E /* presenter.swift.liquid */,
			);
			path = Presenter;
			sourceTree = "<group>";
		};
		6C418A16295D862D001EAC7E /* CollectionMediator */ = {
			isa = PBXGroup;
			children = (
				6C418A17295D862D001EAC7E /* collection_mediator.swift.liquid */,
			);
			path = CollectionMediator;
			sourceTree = "<group>";
		};
		6C418A18295D862D001EAC7E /* Router */ = {
			isa = PBXGroup;
			children = (
				6C418A19295D862D001EAC7E /* router.swift.liquid */,
				6C418A1A295D862D001EAC7E /* router_input.swift.liquid */,
			);
			path = Router;
			sourceTree = "<group>";
		};
		6C418A1B295D862D001EAC7E /* viper */ = {
			isa = PBXGroup;
			children = (
				6C418A1C295D862D001EAC7E /* viper.rambaspec */,
				6C418A1D295D862D001EAC7E /* Code */,
			);
			path = viper;
			sourceTree = "<group>";
		};
		6C418A1D295D862D001EAC7E /* Code */ = {
			isa = PBXGroup;
			children = (
				6C418A1E295D862D001EAC7E /* builder.swift.liquid */,
				6C418A1F295D862D001EAC7E /* ViewLayer */,
				6C418A22295D862D001EAC7E /* Presenter */,
				6C418A25295D862D001EAC7E /* Router */,
			);
			path = Code;
			sourceTree = "<group>";
		};
		6C418A1F295D862D001EAC7E /* ViewLayer */ = {
			isa = PBXGroup;
			children = (
				6C418A20295D862D001EAC7E /* viewcontroller.swift.liquid */,
				6C418A21295D862D001EAC7E /* view_input.swift.liquid */,
			);
			path = ViewLayer;
			sourceTree = "<group>";
		};
		6C418A22295D862D001EAC7E /* Presenter */ = {
			isa = PBXGroup;
			children = (
				6C418A23295D862D001EAC7E /* view_output.swift.liquid */,
				6C418A24295D862D001EAC7E /* presenter.swift.liquid */,
			);
			path = Presenter;
			sourceTree = "<group>";
		};
		6C418A25295D862D001EAC7E /* Router */ = {
			isa = PBXGroup;
			children = (
				6C418A26295D862D001EAC7E /* router.swift.liquid */,
				6C418A27295D862D001EAC7E /* router_input.swift.liquid */,
			);
			path = Router;
			sourceTree = "<group>";
		};
		6C418A28295D862D001EAC7E /* interactor */ = {
			isa = PBXGroup;
			children = (
				6C418A29295D862D001EAC7E /* Code */,
				6C418A2C295D862D001EAC7E /* interactor.rambaspec */,
			);
			path = interactor;
			sourceTree = "<group>";
		};
		6C418A29295D862D001EAC7E /* Code */ = {
			isa = PBXGroup;
			children = (
				6C418A2A295D862D001EAC7E /* response.swift.liquid */,
				6C418A2B295D862D001EAC7E /* interactor.swift.liquid */,
			);
			path = Code;
			sourceTree = "<group>";
		};
		6C418A2D295D862D001EAC7E /* viper_collection */ = {
			isa = PBXGroup;
			children = (
				6C418A2E295D862D001EAC7E /* viper_collection.rambaspec */,
				6C418A2F295D862D001EAC7E /* Code */,
			);
			path = viper_collection;
			sourceTree = "<group>";
		};
		6C418A2F295D862D001EAC7E /* Code */ = {
			isa = PBXGroup;
			children = (
				6C418A30295D862D001EAC7E /* builder.swift.liquid */,
				6C418A31295D862D001EAC7E /* ViewLayer */,
				6C418A34295D862D001EAC7E /* Presenter */,
				6C418A37295D862D001EAC7E /* CollectionMediator */,
				6C418A39295D862D001EAC7E /* Router */,
			);
			path = Code;
			sourceTree = "<group>";
		};
		6C418A31295D862D001EAC7E /* ViewLayer */ = {
			isa = PBXGroup;
			children = (
				6C418A32295D862D001EAC7E /* viewcontroller.swift.liquid */,
				6C418A33295D862D001EAC7E /* view_input.swift.liquid */,
			);
			path = ViewLayer;
			sourceTree = "<group>";
		};
		6C418A34295D862D001EAC7E /* Presenter */ = {
			isa = PBXGroup;
			children = (
				6C418A35295D862D001EAC7E /* view_output.swift.liquid */,
				6C418A36295D862D001EAC7E /* presenter.swift.liquid */,
			);
			path = Presenter;
			sourceTree = "<group>";
		};
		6C418A37295D862D001EAC7E /* CollectionMediator */ = {
			isa = PBXGroup;
			children = (
				6C418A38295D862D001EAC7E /* collection_mediator.swift.liquid */,
			);
			path = CollectionMediator;
			sourceTree = "<group>";
		};
		6C418A39295D862D001EAC7E /* Router */ = {
			isa = PBXGroup;
			children = (
				6C418A3A295D862D001EAC7E /* router.swift.liquid */,
				6C418A3B295D862D001EAC7E /* router_input.swift.liquid */,
			);
			path = Router;
			sourceTree = "<group>";
		};
		6C418A3E295D9213001EAC7E /* Cells */ = {
			isa = PBXGroup;
			children = (
				6C418A3F295D9217001EAC7E /* PopularCell */,
			);
			path = Cells;
			sourceTree = "<group>";
		};
		6C418A3F295D9217001EAC7E /* PopularCell */ = {
			isa = PBXGroup;
			children = (
				6C418A40295D9221001EAC7E /* PopularCellViewInput.swift */,
				6C418A42295D92B7001EAC7E /* PopularTableViewCell.swift */,
			);
			path = PopularCell;
			sourceTree = "<group>";
		};
		6C6205C2295D7DAD00386398 = {
			isa = PBXGroup;
			children = (
				6C418A0B295D862D001EAC7E /* Templates */,
				6C6205CD295D7DAE00386398 /* Movies */,
				6C6205E4295D7DAF00386398 /* MoviesTests */,
				6C6205CC295D7DAE00386398 /* Products */,
			);
			sourceTree = "<group>";
		};
		6C6205CC295D7DAE00386398 /* Products */ = {
			isa = PBXGroup;
			children = (
				6C6205CB295D7DAE00386398 /* Movies.app */,
				6C6205E1295D7DAF00386398 /* MoviesTests.xctest */,
			);
			name = Products;
			sourceTree = "<group>";
		};
		6C6205CD295D7DAE00386398 /* Movies */ = {
			isa = PBXGroup;
			children = (
				6C6205CE295D7DAE00386398 /* AppDelegate.swift */,
				6C4189A8295D8274001EAC7E /* Resource */,
				35BA2E3CD7D8D15EAD72CE1E /* Modules */,
				6C6205D0295D7DAE00386398 /* SceneDelegate.swift */,
				6C4189AA295D8299001EAC7E /* View */,
				6C4189A9295D828F001EAC7E /* Interactor */,
				6C4189D7295D8557001EAC7E /* Entities */,
				6C4189AB295D82A1001EAC7E /* Routing */,
				6C4189D5295D8436001EAC7E /* Constants.swift */,
				6C4189B9295D83EC001EAC7E /* Networking */,
			);
			path = Movies;
			sourceTree = "<group>";
		};
		6C6205E4295D7DAF00386398 /* MoviesTests */ = {
			isa = PBXGroup;
			children = (
				6C6205E5295D7DAF00386398 /* MoviesTests.swift */,
			);
			path = MoviesTests;
			sourceTree = "<group>";
		};
		7016B128B5A6082C2D3E6EBF /* Router */ = {
			isa = PBXGroup;
			children = (
				363B1EE55B8679685011AFE7 /* PopularRouterInput.swift */,
				E32B34B4E46D5F46960EC471 /* PopularRouter.swift */,
			);
			path = Router;
			sourceTree = "<group>";
		};
		7F1AD0863C534513AC9C27FD /* Credits */ = {
			isa = PBXGroup;
			children = (
				9FDA3B0DC0D6959F86F1FB82 /* CreditsInteractor.swift */,
				63BE7636885EF2A9D3EBC121 /* CreditsResponseModel.swift */,
			);
			path = Credits;
			sourceTree = "<group>";
		};
		93C8A7D4BB9974F1E260466B /* ViewLayer */ = {
			isa = PBXGroup;
			children = (
				37ECC6D5B5A409A0132879EE /* PopularViewInput.swift */,
				F470704AFFFF62D8881E93C3 /* PopularViewController.swift */,
			);
			path = ViewLayer;
			sourceTree = "<group>";
		};
		A3597ED537FDCAE2D6A2D5DA /* Presenter */ = {
			isa = PBXGroup;
			children = (
				8A51E40DBDFDABE960EAB195 /* DetailViewOutput.swift */,
				41F5B4BE967F8FE986006F42 /* DetailPresenter.swift */,
			);
			path = Presenter;
			sourceTree = "<group>";
		};
		DA06A77AB2261A4B01F259AC /* ViewLayer */ = {
			isa = PBXGroup;
			children = (
				CA96D6AD8BD674A77157BBF7 /* DetailViewInput.swift */,
				5889AB44EA118B3D3ED592C8 /* DetailViewController.swift */,
			);
			path = ViewLayer;
			sourceTree = "<group>";
		};
		E2A990B217BD4383A932E119 /* CollectionMediator */ = {
			isa = PBXGroup;
			children = (
				AE3AD1E2BB504053B9256D4E /* PopularCollectionMediator.swift */,
			);
			path = CollectionMediator;
			sourceTree = "<group>";
		};
/* End PBXGroup section */

/* Begin PBXNativeTarget section */
		6C6205CA295D7DAE00386398 /* Movies */ = {
			isa = PBXNativeTarget;
			buildConfigurationList = 6C6205F5295D7DAF00386398 /* Build configuration list for PBXNativeTarget "Movies" */;
			buildPhases = (
				6C6205C7295D7DAE00386398 /* Sources */,
				6C6205C8295D7DAE00386398 /* Frameworks */,
				6C6205C9295D7DAE00386398 /* Resources */,
			);
			buildRules = (
			);
			dependencies = (
			);
			name = Movies;
			productName = Movies;
			productReference = 6C6205CB295D7DAE00386398 /* Movies.app */;
			productType = "com.apple.product-type.application";
		};
		6C6205E0295D7DAF00386398 /* MoviesTests */ = {
			isa = PBXNativeTarget;
			buildConfigurationList = 6C6205F8295D7DAF00386398 /* Build configuration list for PBXNativeTarget "MoviesTests" */;
			buildPhases = (
				6C6205DD295D7DAF00386398 /* Sources */,
				6C6205DE295D7DAF00386398 /* Frameworks */,
				6C6205DF295D7DAF00386398 /* Resources */,
			);
			buildRules = (
			);
			dependencies = (
				6C6205E3295D7DAF00386398 /* PBXTargetDependency */,
			);
			name = MoviesTests;
			productName = MoviesTests;
			productReference = 6C6205E1295D7DAF00386398 /* MoviesTests.xctest */;
			productType = "com.apple.product-type.bundle.unit-test";
		};
/* End PBXNativeTarget section */

/* Begin PBXProject section */
		6C6205C3295D7DAD00386398 /* Project object */ = {
			isa = PBXProject;
			attributes = {
				BuildIndependentTargetsInParallel = 1;
				LastSwiftUpdateCheck = 1410;
				LastUpgradeCheck = 1410;
				TargetAttributes = {
					6C6205CA295D7DAE00386398 = {
						CreatedOnToolsVersion = 14.1;
					};
					6C6205E0295D7DAF00386398 = {
						CreatedOnToolsVersion = 14.1;
						TestTargetID = 6C6205CA295D7DAE00386398;
					};
				};
			};
			buildConfigurationList = 6C6205C6295D7DAD00386398 /* Build configuration list for PBXProject "Movies" */;
			compatibilityVersion = "Xcode 14.0";
			developmentRegion = en;
			hasScannedForEncodings = 0;
			knownRegions = (
				en,
				Base,
			);
			mainGroup = 6C6205C2295D7DAD00386398;
			productRefGroup = 6C6205CC295D7DAE00386398 /* Products */;
			projectDirPath = "";
			projectRoot = "";
			targets = (
				6C6205CA295D7DAE00386398 /* Movies */,
				6C6205E0295D7DAF00386398 /* MoviesTests */,
			);
		};
/* End PBXProject section */

/* Begin PBXResourcesBuildPhase section */
		6C6205C9295D7DAE00386398 /* Resources */ = {
			isa = PBXResourcesBuildPhase;
			buildActionMask = 2147483647;
			files = (
				6C6205DB295D7DAF00386398 /* LaunchScreen.storyboard in Resources */,
				6C6205D8295D7DAF00386398 /* Assets.xcassets in Resources */,
				6C6205D6295D7DAE00386398 /* Main.storyboard in Resources */,
			);
			runOnlyForDeploymentPostprocessing = 0;
		};
		6C6205DF295D7DAF00386398 /* Resources */ = {
			isa = PBXResourcesBuildPhase;
			buildActionMask = 2147483647;
			files = (
			);
			runOnlyForDeploymentPostprocessing = 0;
		};
/* End PBXResourcesBuildPhase section */

/* Begin PBXSourcesBuildPhase section */
		6C6205C7295D7DAE00386398 /* Sources */ = {
			isa = PBXSourcesBuildPhase;
			buildActionMask = 2147483647;
			files = (
				6CEC8E682966C02A00210724 /* PaddingLabel.swift in Sources */,
				6C4189D3295D83EC001EAC7E /* NetworkLogger.swift in Sources */,
				6C4189D6295D8436001EAC7E /* Constants.swift in Sources */,
				6C4189D2295D83EC001EAC7E /* HTTPMethod.swift in Sources */,
				6C4189D0295D83EC001EAC7E /* HTTPTask.swift in Sources */,
				6C4189CF295D83EC001EAC7E /* PrivateApi.swift in Sources */,
				6CEC8E6E2966E4C800210724 /* Cancellable.swift in Sources */,
				6C4189D1295D83EC001EAC7E /* Provider.swift in Sources */,
				6C4189B3295D82CF001EAC7E /* Routable.swift in Sources */,
				6C4189CC295D83EC001EAC7E /* URLParameterEncoding.swift in Sources */,
				6C4189C9295D83EC001EAC7E /* NetworkManager.swift in Sources */,
				6C4189B6295D82F8001EAC7E /* Interactors.swift in Sources */,
				6C4189CA295D83EC001EAC7E /* ParameterEncoding.swift in Sources */,
				6C4189B1295D82CF001EAC7E /* Router.swift in Sources */,
				6C6205CF295D7DAE00386398 /* AppDelegate.swift in Sources */,
				6C418A41295D9221001EAC7E /* PopularCellViewInput.swift in Sources */,
				6C4189B7295D82F8001EAC7E /* BaseInteractor .swift in Sources */,
				6C4189D9295D8591001EAC7E /* Message.swift in Sources */,
				6C6205D1295D7DAE00386398 /* SceneDelegate.swift in Sources */,
				6C4189B2295D82CF001EAC7E /* Presentable.swift in Sources */,
				6CEC8E7029670AA200210724 /* Scrollable.swift in Sources */,
				6C4189CD295D83EC001EAC7E /* JSONParameterEncoder.swift in Sources */,
				6C418A3D295D8F54001EAC7E /* BaseModuleViewController.swift in Sources */,
				6C4189D4295D83EC001EAC7E /* EndPointType.swift in Sources */,
				8FFA825070425E04AAAAEA45 /* PopularInteractor.swift in Sources */,
				6CEC8E652963F98500210724 /* Genre.swift in Sources */,
				A673CDBD8DCF10F6F74F22D4 /* PopularResponseModel.swift in Sources */,
				2544D71BEB2D1E49D26511BC /* DetailViewInput.swift in Sources */,
				6C418A45295D9BEB001EAC7E /* Movie.swift in Sources */,
				2B8E5684CDF1ADA34DAEC052 /* DetailViewController.swift in Sources */,
				0660B1FE01C797C32ED56C29 /* DetailViewOutput.swift in Sources */,
				C13350041E57F92FA267248B /* DetailPresenter.swift in Sources */,
				26B9FC415475AC6D9379AE1E /* DetailRouterInput.swift in Sources */,
				FDBA50508AA09D3C2C0D683E /* DetailRouter.swift in Sources */,
				222355028ABA5A703E299E84 /* DetailBuilder.swift in Sources */,
				6C418A43295D92B7001EAC7E /* PopularTableViewCell.swift in Sources */,
				9CF0138A9A4A8EC9131FC124 /* PopularViewInput.swift in Sources */,
				67A6AACB1FD72517B7BC4A7A /* PopularViewController.swift in Sources */,
				6CEC8E6A2966C25F00210724 /* CastActor.swift in Sources */,
				95AC200454F25F9C33757ABF /* PopularViewOutput.swift in Sources */,
				8F292415202E69A56782D5DD /* PopularPresenter.swift in Sources */,
				FD337414F42D313F8BA3B408 /* PopularCollectionMediator.swift in Sources */,
				755924ED878B31AE807A2329 /* PopularRouterInput.swift in Sources */,
				6CEC8E6C2966E4A500210724 /* ImageService.swift in Sources */,
				9A075244F4F8CECED61F65FF /* PopularRouter.swift in Sources */,
				250FC40AD93D2510CFFFD947 /* PopularBuilder.swift in Sources */,
				E45DA77E231984FE2BF99BC9 /* GenresInteractor.swift in Sources */,
				34AABB847E891AB50730F3E9 /* GenresResponseModel.swift in Sources */,
				565C998F7D4AC17DBBFAFCF0 /* CreditsInteractor.swift in Sources */,
				C85772B0CA6124453D546D34 /* CreditsResponseModel.swift in Sources */,
			);
			runOnlyForDeploymentPostprocessing = 0;
		};
		6C6205DD295D7DAF00386398 /* Sources */ = {
			isa = PBXSourcesBuildPhase;
			buildActionMask = 2147483647;
			files = (
				6C6205E6295D7DAF00386398 /* MoviesTests.swift in Sources */,
			);
			runOnlyForDeploymentPostprocessing = 0;
		};
/* End PBXSourcesBuildPhase section */

/* Begin PBXTargetDependency section */
		6C6205E3295D7DAF00386398 /* PBXTargetDependency */ = {
			isa = PBXTargetDependency;
			target = 6C6205CA295D7DAE00386398 /* Movies */;
			targetProxy = 6C6205E2295D7DAF00386398 /* PBXContainerItemProxy */;
		};
/* End PBXTargetDependency section */

/* Begin PBXVariantGroup section */
		6C6205D4295D7DAE00386398 /* Main.storyboard */ = {
			isa = PBXVariantGroup;
			children = (
				6C6205D5295D7DAE00386398 /* Base */,
			);
			name = Main.storyboard;
			sourceTree = "<group>";
		};
		6C6205D9295D7DAF00386398 /* LaunchScreen.storyboard */ = {
			isa = PBXVariantGroup;
			children = (
				6C6205DA295D7DAF00386398 /* Base */,
			);
			name = LaunchScreen.storyboard;
			sourceTree = "<group>";
		};
/* End PBXVariantGroup section */

/* Begin XCBuildConfiguration section */
		6C6205F3295D7DAF00386398 /* Debug */ = {
			isa = XCBuildConfiguration;
			buildSettings = {
				ALWAYS_SEARCH_USER_PATHS = NO;
				CLANG_ANALYZER_NONNULL = YES;
				CLANG_ANALYZER_NUMBER_OBJECT_CONVERSION = YES_AGGRESSIVE;
				CLANG_CXX_LANGUAGE_STANDARD = "gnu++20";
				CLANG_ENABLE_MODULES = YES;
				CLANG_ENABLE_OBJC_ARC = YES;
				CLANG_ENABLE_OBJC_WEAK = YES;
				CLANG_WARN_BLOCK_CAPTURE_AUTORELEASING = YES;
				CLANG_WARN_BOOL_CONVERSION = YES;
				CLANG_WARN_COMMA = YES;
				CLANG_WARN_CONSTANT_CONVERSION = YES;
				CLANG_WARN_DEPRECATED_OBJC_IMPLEMENTATIONS = YES;
				CLANG_WARN_DIRECT_OBJC_ISA_USAGE = YES_ERROR;
				CLANG_WARN_DOCUMENTATION_COMMENTS = YES;
				CLANG_WARN_EMPTY_BODY = YES;
				CLANG_WARN_ENUM_CONVERSION = YES;
				CLANG_WARN_INFINITE_RECURSION = YES;
				CLANG_WARN_INT_CONVERSION = YES;
				CLANG_WARN_NON_LITERAL_NULL_CONVERSION = YES;
				CLANG_WARN_OBJC_IMPLICIT_RETAIN_SELF = YES;
				CLANG_WARN_OBJC_LITERAL_CONVERSION = YES;
				CLANG_WARN_OBJC_ROOT_CLASS = YES_ERROR;
				CLANG_WARN_QUOTED_INCLUDE_IN_FRAMEWORK_HEADER = YES;
				CLANG_WARN_RANGE_LOOP_ANALYSIS = YES;
				CLANG_WARN_STRICT_PROTOTYPES = YES;
				CLANG_WARN_SUSPICIOUS_MOVE = YES;
				CLANG_WARN_UNGUARDED_AVAILABILITY = YES_AGGRESSIVE;
				CLANG_WARN_UNREACHABLE_CODE = YES;
				CLANG_WARN__DUPLICATE_METHOD_MATCH = YES;
				COPY_PHASE_STRIP = NO;
				DEBUG_INFORMATION_FORMAT = dwarf;
				ENABLE_STRICT_OBJC_MSGSEND = YES;
				ENABLE_TESTABILITY = YES;
				GCC_C_LANGUAGE_STANDARD = gnu11;
				GCC_DYNAMIC_NO_PIC = NO;
				GCC_NO_COMMON_BLOCKS = YES;
				GCC_OPTIMIZATION_LEVEL = 0;
				GCC_PREPROCESSOR_DEFINITIONS = (
					"DEBUG=1",
					"$(inherited)",
				);
				GCC_WARN_64_TO_32_BIT_CONVERSION = YES;
				GCC_WARN_ABOUT_RETURN_TYPE = YES_ERROR;
				GCC_WARN_UNDECLARED_SELECTOR = YES;
				GCC_WARN_UNINITIALIZED_AUTOS = YES_AGGRESSIVE;
				GCC_WARN_UNUSED_FUNCTION = YES;
				GCC_WARN_UNUSED_VARIABLE = YES;
				IPHONEOS_DEPLOYMENT_TARGET = 16.1;
				MTL_ENABLE_DEBUG_INFO = INCLUDE_SOURCE;
				MTL_FAST_MATH = YES;
				ONLY_ACTIVE_ARCH = YES;
				SDKROOT = iphoneos;
				SWIFT_ACTIVE_COMPILATION_CONDITIONS = DEBUG;
				SWIFT_OPTIMIZATION_LEVEL = "-Onone";
			};
			name = Debug;
		};
		6C6205F4295D7DAF00386398 /* Release */ = {
			isa = XCBuildConfiguration;
			buildSettings = {
				ALWAYS_SEARCH_USER_PATHS = NO;
				CLANG_ANALYZER_NONNULL = YES;
				CLANG_ANALYZER_NUMBER_OBJECT_CONVERSION = YES_AGGRESSIVE;
				CLANG_CXX_LANGUAGE_STANDARD = "gnu++20";
				CLANG_ENABLE_MODULES = YES;
				CLANG_ENABLE_OBJC_ARC = YES;
				CLANG_ENABLE_OBJC_WEAK = YES;
				CLANG_WARN_BLOCK_CAPTURE_AUTORELEASING = YES;
				CLANG_WARN_BOOL_CONVERSION = YES;
				CLANG_WARN_COMMA = YES;
				CLANG_WARN_CONSTANT_CONVERSION = YES;
				CLANG_WARN_DEPRECATED_OBJC_IMPLEMENTATIONS = YES;
				CLANG_WARN_DIRECT_OBJC_ISA_USAGE = YES_ERROR;
				CLANG_WARN_DOCUMENTATION_COMMENTS = YES;
				CLANG_WARN_EMPTY_BODY = YES;
				CLANG_WARN_ENUM_CONVERSION = YES;
				CLANG_WARN_INFINITE_RECURSION = YES;
				CLANG_WARN_INT_CONVERSION = YES;
				CLANG_WARN_NON_LITERAL_NULL_CONVERSION = YES;
				CLANG_WARN_OBJC_IMPLICIT_RETAIN_SELF = YES;
				CLANG_WARN_OBJC_LITERAL_CONVERSION = YES;
				CLANG_WARN_OBJC_ROOT_CLASS = YES_ERROR;
				CLANG_WARN_QUOTED_INCLUDE_IN_FRAMEWORK_HEADER = YES;
				CLANG_WARN_RANGE_LOOP_ANALYSIS = YES;
				CLANG_WARN_STRICT_PROTOTYPES = YES;
				CLANG_WARN_SUSPICIOUS_MOVE = YES;
				CLANG_WARN_UNGUARDED_AVAILABILITY = YES_AGGRESSIVE;
				CLANG_WARN_UNREACHABLE_CODE = YES;
				CLANG_WARN__DUPLICATE_METHOD_MATCH = YES;
				COPY_PHASE_STRIP = NO;
				DEBUG_INFORMATION_FORMAT = "dwarf-with-dsym";
				ENABLE_NS_ASSERTIONS = NO;
				ENABLE_STRICT_OBJC_MSGSEND = YES;
				GCC_C_LANGUAGE_STANDARD = gnu11;
				GCC_NO_COMMON_BLOCKS = YES;
				GCC_WARN_64_TO_32_BIT_CONVERSION = YES;
				GCC_WARN_ABOUT_RETURN_TYPE = YES_ERROR;
				GCC_WARN_UNDECLARED_SELECTOR = YES;
				GCC_WARN_UNINITIALIZED_AUTOS = YES_AGGRESSIVE;
				GCC_WARN_UNUSED_FUNCTION = YES;
				GCC_WARN_UNUSED_VARIABLE = YES;
				IPHONEOS_DEPLOYMENT_TARGET = 16.1;
				MTL_ENABLE_DEBUG_INFO = NO;
				MTL_FAST_MATH = YES;
				SDKROOT = iphoneos;
				SWIFT_COMPILATION_MODE = wholemodule;
				SWIFT_OPTIMIZATION_LEVEL = "-O";
				VALIDATE_PRODUCT = YES;
			};
			name = Release;
		};
		6C6205F6295D7DAF00386398 /* Debug */ = {
			isa = XCBuildConfiguration;
			buildSettings = {
				ASSETCATALOG_COMPILER_APPICON_NAME = AppIcon;
				ASSETCATALOG_COMPILER_GLOBAL_ACCENT_COLOR_NAME = AccentColor;
				CODE_SIGN_STYLE = Automatic;
				CURRENT_PROJECT_VERSION = 1;
				DEVELOPMENT_TEAM = 69S675A47Z;
				GENERATE_INFOPLIST_FILE = YES;
				INFOPLIST_FILE = Movies/Resource/Info.plist;
				INFOPLIST_KEY_UIApplicationSupportsIndirectInputEvents = YES;
				INFOPLIST_KEY_UILaunchStoryboardName = LaunchScreen;
				INFOPLIST_KEY_UIMainStoryboardFile = Main;
				INFOPLIST_KEY_UISupportedInterfaceOrientations = UIInterfaceOrientationPortrait;
				INFOPLIST_KEY_UISupportedInterfaceOrientations_iPad = "UIInterfaceOrientationLandscapeLeft UIInterfaceOrientationLandscapeRight UIInterfaceOrientationPortrait UIInterfaceOrientationPortraitUpsideDown";
				IPHONEOS_DEPLOYMENT_TARGET = 13.6;
				LD_RUNPATH_SEARCH_PATHS = (
					"$(inherited)",
					"@executable_path/Frameworks",
				);
				MARKETING_VERSION = 1.0;
				PRODUCT_BUNDLE_IDENTIFIER = com.revolage.Movies;
				PRODUCT_NAME = "$(TARGET_NAME)";
				SWIFT_EMIT_LOC_STRINGS = YES;
				SWIFT_VERSION = 5.0;
				TARGETED_DEVICE_FAMILY = "1,2";
			};
			name = Debug;
		};
		6C6205F7295D7DAF00386398 /* Release */ = {
			isa = XCBuildConfiguration;
			buildSettings = {
				ASSETCATALOG_COMPILER_APPICON_NAME = AppIcon;
				ASSETCATALOG_COMPILER_GLOBAL_ACCENT_COLOR_NAME = AccentColor;
				CODE_SIGN_STYLE = Automatic;
				CURRENT_PROJECT_VERSION = 1;
				DEVELOPMENT_TEAM = 69S675A47Z;
				GENERATE_INFOPLIST_FILE = YES;
				INFOPLIST_FILE = Movies/Resource/Info.plist;
				INFOPLIST_KEY_UIApplicationSupportsIndirectInputEvents = YES;
				INFOPLIST_KEY_UILaunchStoryboardName = LaunchScreen;
				INFOPLIST_KEY_UIMainStoryboardFile = Main;
				INFOPLIST_KEY_UISupportedInterfaceOrientations = UIInterfaceOrientationPortrait;
				INFOPLIST_KEY_UISupportedInterfaceOrientations_iPad = "UIInterfaceOrientationLandscapeLeft UIInterfaceOrientationLandscapeRight UIInterfaceOrientationPortrait UIInterfaceOrientationPortraitUpsideDown";
				IPHONEOS_DEPLOYMENT_TARGET = 13.6;
				LD_RUNPATH_SEARCH_PATHS = (
					"$(inherited)",
					"@executable_path/Frameworks",
				);
				MARKETING_VERSION = 1.0;
				PRODUCT_BUNDLE_IDENTIFIER = com.revolage.Movies;
				PRODUCT_NAME = "$(TARGET_NAME)";
				SWIFT_EMIT_LOC_STRINGS = YES;
				SWIFT_VERSION = 5.0;
				TARGETED_DEVICE_FAMILY = "1,2";
			};
			name = Release;
		};
		6C6205F9295D7DAF00386398 /* Debug */ = {
			isa = XCBuildConfiguration;
			buildSettings = {
				ALWAYS_EMBED_SWIFT_STANDARD_LIBRARIES = YES;
				BUNDLE_LOADER = "$(TEST_HOST)";
				CODE_SIGN_STYLE = Automatic;
				CURRENT_PROJECT_VERSION = 1;
				DEVELOPMENT_TEAM = 69S675A47Z;
				GENERATE_INFOPLIST_FILE = YES;
				IPHONEOS_DEPLOYMENT_TARGET = 16.1;
				MARKETING_VERSION = 1.0;
				PRODUCT_BUNDLE_IDENTIFIER = com.revolage.MoviesTests;
				PRODUCT_NAME = "$(TARGET_NAME)";
				SWIFT_EMIT_LOC_STRINGS = NO;
				SWIFT_VERSION = 5.0;
				TARGETED_DEVICE_FAMILY = "1,2";
				TEST_HOST = "$(BUILT_PRODUCTS_DIR)/Movies.app/$(BUNDLE_EXECUTABLE_FOLDER_PATH)/Movies";
			};
			name = Debug;
		};
		6C6205FA295D7DAF00386398 /* Release */ = {
			isa = XCBuildConfiguration;
			buildSettings = {
				ALWAYS_EMBED_SWIFT_STANDARD_LIBRARIES = YES;
				BUNDLE_LOADER = "$(TEST_HOST)";
				CODE_SIGN_STYLE = Automatic;
				CURRENT_PROJECT_VERSION = 1;
				DEVELOPMENT_TEAM = 69S675A47Z;
				GENERATE_INFOPLIST_FILE = YES;
				IPHONEOS_DEPLOYMENT_TARGET = 16.1;
				MARKETING_VERSION = 1.0;
				PRODUCT_BUNDLE_IDENTIFIER = com.revolage.MoviesTests;
				PRODUCT_NAME = "$(TARGET_NAME)";
				SWIFT_EMIT_LOC_STRINGS = NO;
				SWIFT_VERSION = 5.0;
				TARGETED_DEVICE_FAMILY = "1,2";
				TEST_HOST = "$(BUILT_PRODUCTS_DIR)/Movies.app/$(BUNDLE_EXECUTABLE_FOLDER_PATH)/Movies";
			};
			name = Release;
		};
/* End XCBuildConfiguration section */

/* Begin XCConfigurationList section */
		6C6205C6295D7DAD00386398 /* Build configuration list for PBXProject "Movies" */ = {
			isa = XCConfigurationList;
			buildConfigurations = (
				6C6205F3295D7DAF00386398 /* Debug */,
				6C6205F4295D7DAF00386398 /* Release */,
			);
			defaultConfigurationIsVisible = 0;
			defaultConfigurationName = Release;
		};
		6C6205F5295D7DAF00386398 /* Build configuration list for PBXNativeTarget "Movies" */ = {
			isa = XCConfigurationList;
			buildConfigurations = (
				6C6205F6295D7DAF00386398 /* Debug */,
				6C6205F7295D7DAF00386398 /* Release */,
			);
			defaultConfigurationIsVisible = 0;
			defaultConfigurationName = Release;
		};
		6C6205F8295D7DAF00386398 /* Build configuration list for PBXNativeTarget "MoviesTests" */ = {
			isa = XCConfigurationList;
			buildConfigurations = (
				6C6205F9295D7DAF00386398 /* Debug */,
				6C6205FA295D7DAF00386398 /* Release */,
			);
			defaultConfigurationIsVisible = 0;
			defaultConfigurationName = Release;
		};
/* End XCConfigurationList section */
	};
	rootObject = 6C6205C3295D7DAD00386398 /* Project object */;
}
